#MicroXplorer Configuration settings - do not modify
Mcu.Family=STM32F1
ProjectManager.MainLocation=Src
PA2.GPIO_PuPd=GPIO_NOPULL
RCC.MCOFreq_Value=64000000
PB13.GPIOParameters=GPIO_Label
ProjectManager.KeepUserCode=true
Mcu.UserName=STM32F103CBTx
ADC1.ContinuousConvMode=ENABLE
RCC.PLLCLKFreq_Value=64000000
VP_IWDG_VS_IWDG.Mode=IWDG_Activate
PA3.GPIO_PuPd=GPIO_NOPULL
PA12.GPIOParameters=GPIO_Label
ProjectManager.functionlistsort=1-MX_GPIO_Init-GPIO-false-LL-true,2-SystemClock_Config-RCC-false-HAL-false,3-MX_ADC1_Init-ADC1-false-HAL-true,4-MX_IWDG_Init-IWDG-false-HAL-true,5-MX_RTC_Init-RTC-false-HAL-true,6-MX_TIM3_Init-TIM3-false-HAL-true
PA2.GPIO_Speed=GPIO_SPEED_FREQ_HIGH
VP_RTC_VS_RTC_Activate.Mode=RTC_Enabled
RTC.WeekDay=RTC_WEEKDAY_WEDNESDAY
RCC.RTCFreq_Value=32768
PA3.GPIOParameters=GPIO_Speed,PinState,GPIO_PuPd,GPIO_ModeDefaultOutputPP
RCC.ADCFreqValue=8000000
PA7.GPIO_ModeDefaultOutputPP=GPIO_MODE_OUTPUT_PP
PB0.GPIO_Label=NTC
PB6.GPIO_Label=LCD_RST
NVIC.TIM1_UP_IRQn=true\:0\:0\:false\:false\:true\:false\:false\:true
VP_RTC_VS_RTC_Calendar.Signal=RTC_VS_RTC_Calendar
PB13.GPIO_Label=key5
PA3.GPIO_Speed=GPIO_SPEED_FREQ_HIGH
PB11.Signal=GPIO_Input
PB13.Signal=GPIO_Input
PB15.Signal=GPIO_Output
PA5.PinState=GPIO_PIN_RESET
PA2.GPIOParameters=GPIO_Speed,PinState,GPIO_PuPd,GPIO_ModeDefaultOutputPP
PinOutPanel.RotationAngle=0
RCC.SYSCLKSource=RCC_SYSCLKSOURCE_PLLCLK
ProjectManager.StackSize=0x4000
PB5.GPIOParameters=GPIO_Label
VP_FREERTOS_VS_CMSIS_V2.Mode=CMSIS_V2
Mcu.IP4=RCC
RCC.FCLKCortexFreq_Value=64000000
Mcu.IP5=RTC
Mcu.IP2=IWDG
NVIC.SVCall_IRQn=true\:0\:0\:false\:false\:false\:false\:false\:false
Mcu.IP3=NVIC
PB4.GPIOParameters=GPIO_Speed,GPIO_Label
Mcu.IP0=ADC1
PA12.Locked=true
Mcu.IP1=FREERTOS
PA12.Signal=GPIO_Output
Mcu.UserConstants=
PA7.PinState=GPIO_PIN_RESET
SH.S_TIM3_CH2.ConfNb=1
Mcu.ThirdPartyNb=0
RCC.HCLKFreq_Value=64000000
Mcu.IPNb=8
ProjectManager.PreviousToolchain=
RCC.APB2TimFreq_Value=64000000
TIM3.Period=64000-1
PB6.Signal=GPIO_Output
TIM3.OC1Preload_PWM=ENABLE
RTC.IPParameters=WeekDay,Year,OutPut
Mcu.Pin6=PA3
Mcu.Pin7=PA4
Mcu.Pin8=PA5
Mcu.Pin9=PA6
FREERTOS.IPParameters=Tasks01
PA1.GPIO_PuPd=GPIO_NOPULL
RCC.AHBFreq_Value=64000000
PB13.Locked=true
Mcu.Pin0=PC13-TAMPER-RTC
Mcu.Pin1=PC14-OSC32_IN
TIM3.Channel-PWM\ Generation1\ CH1=TIM_CHANNEL_1
GPIO.groupedBy=Group By Peripherals
Mcu.Pin2=PC15-OSC32_OUT
Mcu.Pin3=PA0-WKUP
PA0-WKUP.GPIOParameters=GPIO_Speed,PinState,GPIO_PuPd,GPIO_ModeDefaultOutputPP
Mcu.Pin4=PA1
Mcu.Pin5=PA2
ADC1.Channel-0\#ChannelRegularConversion=ADC_CHANNEL_8
ProjectManager.ProjectBuild=false
NVIC.UsageFault_IRQn=true\:0\:0\:false\:false\:true\:false\:false\:false
PA0-WKUP.GPIO_Speed=GPIO_SPEED_FREQ_HIGH
NVIC.DebugMonitor_IRQn=true\:0\:0\:false\:false\:true\:false\:false\:false
PA4.GPIO_PuPd=GPIO_NOPULL
PB2.Signal=GPIO_Input
PA4.Locked=true
NVIC.SysTick_IRQn=true\:15\:0\:false\:false\:false\:true\:false\:false
RCC.RTCClockSelection=RCC_RTCCLKSOURCE_LSE
RCC.PLLMUL=RCC_PLL_MUL16
PA4.GPIO_Speed=GPIO_SPEED_FREQ_HIGH
PB12.GPIO_Label=key4
ProjectManager.FirmwarePackage=STM32Cube FW_F1 V1.8.0
MxDb.Version=DB.5.0.60
PA2.PinState=GPIO_PIN_RESET
PB0.GPIOParameters=GPIO_Label
PA6.GPIO_PuPd=GPIO_NOPULL
PA1.GPIOParameters=GPIO_Speed,PinState,GPIO_PuPd,GPIO_ModeDefaultOutputPP
ProjectManager.BackupPrevious=false
PC14-OSC32_IN.Mode=LSE-External-Oscillator
PA14.Mode=Serial_Wire
VP_SYS_VS_tim1.Mode=TIM1
TIM3.Prescaler=2
PA5.GPIO_PuPd=GPIO_NOPULL
PB1.GPIO_Label=key1
File.Version=6
SH.ADCx_IN8.0=ADC1_IN8,IN8
PB3.GPIOParameters=GPIO_Label
PB7.Signal=GPIO_Output
PB8.Locked=true
PB6.Locked=true
NVIC.PendSV_IRQn=true\:15\:0\:false\:false\:false\:true\:false\:false
SH.S_TIM3_CH1.0=TIM3_CH1,PWM Generation1 CH1
PB6.GPIOParameters=GPIO_Label
ProjectManager.HalAssertFull=false
ADC1.SamplingTime-0\#ChannelRegularConversion=ADC_SAMPLETIME_239CYCLES_5
ProjectManager.ProjectName=mica
RCC.PLLMCOFreq_Value=32000000
PB7.GPIO_Label=LCD_RS
Mcu.Package=LQFP48
PB9.Signal=GPIO_Output
PB1.Signal=GPIO_Input
PA6.Signal=GPIO_Output
PA7.Locked=true
PA5.Locked=true
NVIC.TimeBase=TIM1_UP_IRQn
PA2.GPIO_ModeDefaultOutputPP=GPIO_MODE_OUTPUT_PP
ProjectManager.ToolChainLocation=
NVIC.TimeBaseIP=TIM1
VP_RTC_VS_RTC_Calendar.Mode=RTC_Calendar
PA5.GPIOParameters=GPIO_Speed,PinState,GPIO_PuPd,GPIO_ModeDefaultOutputPP
PA1.PinState=GPIO_PIN_RESET
PA4.GPIO_ModeDefaultOutputPP=GPIO_MODE_OUTPUT_PP
PA6.GPIO_ModeDefaultOutputPP=GPIO_MODE_OUTPUT_PP
PB5.GPIO_Label=beeper
RCC.APB1TimFreq_Value=64000000
NVIC.BusFault_IRQn=true\:0\:0\:false\:false\:true\:false\:false\:false
TIM3.Pulse-PWM\ Generation2\ CH2=32768
PB10.GPIOParameters=GPIO_Label
PA6.GPIO_Speed=GPIO_SPEED_FREQ_HIGH
ProjectManager.CustomerFirmwarePackage=
PC14-OSC32_IN.Locked=true
PB15.Locked=true
PB3.Locked=true
PB4.Signal=S_TIM3_CH1
PA3.Signal=GPIO_Output
PA2.Locked=true
PB3.GPIO_Label=LCD_CS
VP_RTC_VS_RTC_Activate.Signal=RTC_VS_RTC_Activate
PA6.GPIOParameters=GPIO_Speed,PinState,GPIO_PuPd,GPIO_ModeDefaultOutputPP
PC15-OSC32_OUT.Mode=LSE-External-Oscillator
PA0-WKUP.GPIO_ModeDefaultOutputPP=GPIO_MODE_OUTPUT_PP
ProjectManager.ProjectFileName=mica.ioc
PA3.GPIO_ModeDefaultOutputPP=GPIO_MODE_OUTPUT_PP
FREERTOS.Tasks01=defaultTask,24,128,StartDefaultTask,Default,NULL,Dynamic,NULL,NULL
PB8.GPIOParameters=GPIO_Label
ADC1.Rank-0\#ChannelRegularConversion=1
PB9.GPIO_Label=LCD_RD
Mcu.PinsNb=34
ProjectManager.NoMain=false
ADC1.IPParameters=Rank-0\#ChannelRegularConversion,master,Channel-0\#ChannelRegularConversion,SamplingTime-0\#ChannelRegularConversion,NbrOfConversionFlag,ContinuousConvMode
PB11.GPIO_Label=key3
PC13-TAMPER-RTC.Signal=RTC_OUT
ProjectManager.DefaultFWLocation=true
PA6.PinState=GPIO_PIN_RESET
PB12.Locked=true
ProjectManager.DeletePrevious=true
RCC.APB1CLKDivider=RCC_HCLK_DIV2
PB10.Locked=true
PC14-OSC32_IN.Signal=RCC_OSC32_IN
PA12.GPIO_Label=LCD_BL
RCC.FamilyName=M
PA0-WKUP.Signal=GPIO_Output
PA0-WKUP.Locked=true
PB9.GPIOParameters=GPIO_Label
RCC.ADCPresc=RCC_ADCPCLK2_DIV8
PA13.Signal=SYS_JTMS-SWDIO
PB8.GPIO_Label=LCD_WR
PC15-OSC32_OUT.Locked=true
TIM3.Pulse-PWM\ Generation1\ CH1=32768
PA4.PinState=GPIO_PIN_RESET
ProjectManager.TargetToolchain=Other Toolchains (GPDSC)
PB10.GPIO_Label=key2
RTC.Year=20
PB7.GPIOParameters=GPIO_Label
PB2.GPIOParameters=GPIO_Label
PB11.GPIOParameters=GPIO_Label
PB5.Locked=true
PB9.Locked=true
RCC.USBFreq_Value=64000000
PC15-OSC32_OUT.Signal=RCC_OSC32_OUT
PA1.Signal=GPIO_Output
PA7.GPIO_PuPd=GPIO_NOPULL
PB1.Locked=true
PB10.Signal=GPIO_Input
PA5.Signal=GPIO_Output
SH.S_TIM3_CH2.0=TIM3_CH2,PWM Generation2 CH2
board=custom
ProjectManager.LastFirmware=true
PA0-WKUP.PinState=GPIO_PIN_RESET
PA7.GPIO_Speed=GPIO_SPEED_FREQ_HIGH
PC13-TAMPER-RTC.Mode=RTC OUT
PB4.GPIO_Speed=GPIO_SPEED_FREQ_HIGH
RCC.APB2Freq_Value=64000000
MxCube.Version=5.6.1
PB4.GPIO_Label=backlight
PA5.GPIO_ModeDefaultOutputPP=GPIO_MODE_OUTPUT_PP
PB15.GPIO_Label=Relay
VP_SYS_VS_tim1.Signal=SYS_VS_tim1
PA1.GPIO_Speed=GPIO_SPEED_FREQ_HIGH
Mcu.Pin30=VP_IWDG_VS_IWDG
Mcu.Pin33=VP_SYS_VS_tim1
TIM3.IPParameters=Channel-PWM Generation2 CH2,Channel-PWM Generation1 CH1,Prescaler,Period,OC1Preload_PWM,Pulse-PWM Generation1 CH1,Pulse-PWM Generation2 CH2
Mcu.Pin31=VP_RTC_VS_RTC_Activate
Mcu.Pin32=VP_RTC_VS_RTC_Calendar
NVIC.NonMaskableInt_IRQn=true\:0\:0\:false\:false\:true\:false\:false\:false
PA4.GPIOParameters=GPIO_Speed,PinState,GPIO_PuPd,GPIO_ModeDefaultOutputPP
SH.ADCx_IN8.ConfNb=1
PB15.GPIOParameters=GPIO_Label
PA13.Mode=Serial_Wire
ProjectManager.FreePins=false
RCC.IPParameters=ADCFreqValue,ADCPresc,AHBFreq_Value,APB1CLKDivider,APB1Freq_Value,APB1TimFreq_Value,APB2Freq_Value,APB2TimFreq_Value,FCLKCortexFreq_Value,FamilyName,HCLKFreq_Value,MCOFreq_Value,PLLCLKFreq_Value,PLLMCOFreq_Value,PLLMUL,RTCClockSelection,RTCFreq_Value,SYSCLKFreq_VALUE,SYSCLKSource,TimSysFreq_Value,USBFreq_Value
ProjectManager.AskForMigrate=true
Mcu.Name=STM32F103C(8-B)Tx
Mcu.Pin26=PB7
Mcu.Pin27=PB8
PA2.Signal=GPIO_Output
Mcu.Pin24=PB5
ProjectManager.UnderRoot=false
Mcu.Pin25=PB6
PB2.Locked=true
VP_FREERTOS_VS_CMSIS_V2.Signal=FREERTOS_VS_CMSIS_V2
Mcu.Pin28=PB9
Mcu.IP6=SYS
Mcu.Pin29=VP_FREERTOS_VS_CMSIS_V2
Mcu.IP7=TIM3
ProjectManager.CoupleFile=false
PB4.Locked=true
PB3.Signal=GPIO_Output
PA4.Signal=GPIO_Output
RCC.SYSCLKFreq_VALUE=64000000
PB5.Signal=S_TIM3_CH2
Mcu.Pin22=PB3
Mcu.Pin23=PB4
RCC.TimSysFreq_Value=64000000
PA1.Locked=true
Mcu.Pin20=PA13
ADC1.master=1
PA3.Locked=true
Mcu.Pin21=PA14
NVIC.ForceEnableDMAVector=true
KeepUserPlacement=false
NVIC.MemoryManagement_IRQn=true\:0\:0\:false\:false\:true\:false\:false\:false
ProjectManager.CompilerOptimize=6
VP_IWDG_VS_IWDG.Signal=IWDG_VS_IWDG
PA14.Signal=SYS_JTCK-SWCLK
PB2.GPIO_Label=key0
ProjectManager.HeapSize=0x2000
Mcu.Pin15=PB11
NVIC.HardFault_IRQn=true\:0\:0\:false\:false\:true\:false\:false\:false
Mcu.Pin16=PB12
Mcu.Pin13=PB2
Mcu.Pin14=PB10
Mcu.Pin19=PA12
SH.S_TIM3_CH1.ConfNb=1
ProjectManager.ComputerToolchain=false
Mcu.Pin17=PB13
Mcu.Pin18=PB15
PA5.GPIO_Speed=GPIO_SPEED_FREQ_HIGH
NVIC.PriorityGroup=NVIC_PRIORITYGROUP_4
ADC1.NbrOfConversionFlag=1
Mcu.Pin11=PB0
TIM3.Channel-PWM\ Generation2\ CH2=TIM_CHANNEL_2
Mcu.Pin12=PB1
Mcu.Pin10=PA7
PB7.Locked=true
PB8.Signal=GPIO_Output
PA3.PinState=GPIO_PIN_RESET
PA0-WKUP.GPIO_PuPd=GPIO_NOPULL
RCC.APB1Freq_Value=32000000
PB0.Signal=ADCx_IN8
RTC.OutPut=RTC_OUTPUTSOURCE_ALARM
PA7.GPIOParameters=GPIO_Speed,PinState,GPIO_PuPd,GPIO_ModeDefaultOutputPP
PB11.Locked=true
ProjectManager.DeviceId=STM32F103CBTx
PB12.GPIOParameters=GPIO_Label
PB12.Signal=GPIO_Input
ProjectManager.LibraryCopy=0
PB1.GPIOParameters=GPIO_Label
PA7.Signal=GPIO_Output
PA1.GPIO_ModeDefaultOutputPP=GPIO_MODE_OUTPUT_PP
PA6.Locked=true
